
Microsoft Visual Studio Solution File, Format Version 12.00
# Visual Studio Version 17
VisualStudioVersion = 17.4.33110.190
MinimumVisualStudioVersion = 10.0.40219.1
Project("{FAE04EC0-301F-11D3-BF4B-00C04F79EFBC}") = "Project_partB_Balychev_Program", "Project_partB_Balychev_Program\Project_partB_Balychev_Program.csproj", "{F781FF44-742B-4827-89BC-996165DC1873}"
EndProject
Project("{FAE04EC0-301F-11D3-BF4B-00C04F79EFBC}") = "StoreInventoryTest", "StoreInventoryTest\StoreInventoryTest.csproj", "{53FFD758-D797-469F-A035-B3ED1EB8FC74}"
EndProject
Global
	GlobalSection(SolutionConfigurationPlatforms) = preSolution
		Debug|Any CPU = Debug|Any CPU
		Release|Any CPU = Release|Any CPU
	EndGlobalSection
	GlobalSection(ProjectConfigurationPlatforms) = postSolution
		{F781FF44-742B-4827-89BC-996165DC1873}.Debug|Any CPU.ActiveCfg = Debug|Any CPU
		{F781FF44-742B-4827-89BC-996165DC1873}.Debug|Any CPU.Build.0 = Debug|Any CPU
		{F781FF44-742B-4827-89BC-996165DC1873}.Release|Any CPU.ActiveCfg = Release|Any CPU
		{F781FF44-742B-4827-89BC-996165DC1873}.Release|Any CPU.Build.0 = Release|Any CPU
		{53FFD758-D797-469F-A035-B3ED1EB8FC74}.Debug|Any CPU.ActiveCfg = Debug|Any CPU
		{53FFD758-D797-469F-A035-B3ED1EB8FC74}.Debug|Any CPU.Build.0 = Debug|Any CPU
		{53FFD758-D797-469F-A035-B3ED1EB8FC74}.Release|Any CPU.ActiveCfg = Release|Any CPU
		{53FFD758-D797-469F-A035-B3ED1EB8FC74}.Release|Any CPU.Build.0 = Release|Any CPU
	EndGlobalSection
	GlobalSection(SolutionProperties) = preSolution
		HideSolutionNode = FALSE
	EndGlobalSection
	GlobalSection(ExtensibilityGlobals) = postSolution
		SolutionGuid = {2FCE5DD6-C589-4187-A824-E77C7BA6A8B3}
	EndGlobalSection
EndGlobal
